{
    "_meta": {
        "hash": {
            "sha256": "bf6d9bbf217196d594ada1d054eaea09bb360c75aac0429c70dce13c719d46c1"
        },
        "pipfile-spec": 6,
        "requires": {
            "python_version": "3.9"
        },
        "sources": [
            {
                "name": "pypi",
                "url": "https://pypi.org/simple",
                "verify_ssl": true
            }
        ]
    },
    "default": {
        "asgiref": {
            "hashes": [
                "sha256:71e68008da809b957b7ee4b43dbccff33d1b23519fb8344e33f049897077afac",
                "sha256:9567dfe7bd8d3c8c892227827c41cce860b368104c3431da67a0c5a65a949506"
            ],
            "markers": "python_version >= '3.7'",
            "version": "==3.6.0"
        },
        "blackfire": {
            "hashes": [
                "sha256:01092d71a0af378a22e63c99adf46f1ea4977f415d18cb2334ae63ed64a1c6d3",
                "sha256:064299fc48e8b5b71bcb7fa537fe04f275fe4b703ecbcf49207f186aaa4388a3",
                "sha256:1332adff693ba7ff17e4f6a901c22a87e5ecc2b98604feb261b2ef60224c389a",
                "sha256:16bad073c0bf099ee183615a4c961e8b5ff28622695d3c085088283937a0180a",
                "sha256:199aed99abb57d8aa504a347d7276cd036ab51d5d2013d755af247e15093bd6c",
                "sha256:1aa47db0445112836d4b4f4e44b54b81c4da50ad38e4e3876eb140934900f9e7",
                "sha256:316437d3ca74584648e111acdcc1d98f2cc83a0c00f576e888b318b5958094e9",
                "sha256:3420976c4689b285812a5f9e7203f123c63b667993e86220a6925215fc10808c",
                "sha256:3c98b2454bb8b960a2fd2401166343003f02782f336db19c53aceb903255c45f",
                "sha256:47a9039308962f85f9c594993b20227001dd804363af5defcdc2d36e83c67755",
                "sha256:4b4d1b628b6ea806bbd6044b3f7c7ef8a3c8be82a63206b6833a950d4c312b94",
                "sha256:50f20d645a90b18f9ebc2746e6aa95a83c016f0d347d9fe4740e68cf0ff7a021",
                "sha256:51e87df7d64e14dfc641b6f609bc895479c711a21aa68997a28e95a6dfe2a063",
                "sha256:524ffc30d17f118d1a0594b2b919b2e0ead0d77a6c34187c2a62d93a76b83149",
                "sha256:52ce00f179d8eb15d6565aff7f3ce1691519c94fc76c4623cf203042baf824eb",
                "sha256:5fa9405a652cf42d5874fe0d3f054cafcb7d2c157178b5f9f7bf8077efbfae0d",
                "sha256:6ee25c35f30b244036553b5e4c0dc0f1f589951510192cc3dbd6e2ec64c18ee8",
                "sha256:732d858c497c0c39c5289296921e0e813f449af315710c87812225bc6651c934",
                "sha256:7711db377f329ffb5a4434afc5e3ea0b43ae37c298ad8b0cf7276a50a242e9f6",
                "sha256:7a74eaee00c4b6a5eda2a0947a6e68fadb7f04dc23476a3757c29f2bbdfa96df",
                "sha256:7c75f05e9916cc862955140c34c12bda131ede494a66264e6c3de95f466b6698",
                "sha256:7c80bdeaaa1fc0919e376dbfd55c9775096ace51c022e794aef947646a6fc96e",
                "sha256:7e2233ca680c418e603c37ee945e673a227b003cc04342915b0519d1f6b1b70f",
                "sha256:805647ff1b232f46eea59c936b72d54da5ea25557101715dcccc1af94583df8a",
                "sha256:83cfaa6d6d1ea93e85486c962626cf8916e47590e2b2cc3f0b0f1d1b3e8d07a2",
                "sha256:8923f3fc94cef3971072d4e1bb833f8224bdd438bdf5360a59d9ddf0255891d1",
                "sha256:8ab9c5ad68df1b7cc8f28822202c074fda92c9e8e9e910d69783daf5d00bc639",
                "sha256:8d67a4d1cd3b0af79d86a2249a410ffefd144c7d051d02bddaf095ff0ce4184b",
                "sha256:9388cb47177f7b41827e5b8a84846b6835e31eb69cf136e8905e829c733d9b80",
                "sha256:94ac9ec7ed26f7ff316eba667c4cdce2ae0d251d4b3aedb557f89e30865c60df",
                "sha256:a44e85315ba922bdc31568f6a9a77ca25b5eae981ed541eb4697656b0a45719c",
                "sha256:af4a0da78558a861a1d1a5b8d44bc33f2a898d7d0a4cdd965d0014db45533061",
                "sha256:b11c55421a2ebc73c93eeeec3ada1ad00a4598e9c0b9fb2267af596ddf2b5f11",
                "sha256:b7ac17556f19f549074bb0ee07bae7aefabcc57ed4b4a02631195d3135768166",
                "sha256:bd599ab8c47e1a5317a754a1590d6442fe363e6ad62304ba40c5cd13b5c793c9",
                "sha256:c58dcef524308224fda92a0afc46335775836a2f9f73a4853cd19884b14fde34",
                "sha256:dc4fa37f83cfe3da901e672bc34088194ffce7f3fa671732bd627eeee0bea4e4",
                "sha256:e001868cf2893699efa88feba65e03b2f872e42c0863964c60f1a6d67c019391",
                "sha256:e476859171a7b14daff1d49de989884cf9fbaa78c4a9c66d8ce99d38cf63aa3e",
                "sha256:e9619bb2d91a4e1aee2a3740e577a8593b5109184dcd59caf7d566cd7d9fefed",
                "sha256:f0547daf61506e9038e025447b1a15adf219b8b3ea255ead9942d9f3920d6e8c",
                "sha256:f4adb6ea79cbd2c6d198efc96b72a969e028d66c345e68b35a6e17529cbc2f48",
                "sha256:fa7df4e62f36fbe09b214ab979fbf867d098a6d553b3ea723377b75dbb404189",
                "sha256:ff91b61f9de850dd31b380a25a31c7adbc3e6de7ceb45650680d9a002524084b"
            ],
            "index": "pypi",
            "version": "==1.14.0"
        },
        "django": {
            "hashes": [
                "sha256:44f714b81c5f190d9d2ddad01a532fe502fa01c4cb8faf1d081f4264ed15dcd8",
                "sha256:f2f431e75adc40039ace496ad3b9f17227022e8b11566f4b363da44c7e44761e"
            ],
            "index": "pypi",
            "version": "==4.1.7"
        },
        "faker": {
            "hashes": [
                "sha256:17cf85aeb0363a3384ccd4c1f52b52ec8f414c7afaab74ae1f4c3e09a06e14de",
                "sha256:21c3c6c45183308151c14f62afe59bf54ace68f663e0180973698ba2a9a3b2c4"
            ],
            "index": "pypi",
            "version": "==17.0.0"
        },
        "gunicorn": {
            "hashes": [
                "sha256:9dcc4547dbb1cb284accfb15ab5667a0e5d1881cc443e0677b4882a4067a807e",
                "sha256:e0a968b5ba15f8a328fdfd7ab1fcb5af4470c28aaf7e55df02a99bc13138e6e8"
            ],
            "index": "pypi",
            "version": "==20.1.0"
        },
        "psycopg2": {
            "hashes": [
                "sha256:093e3894d2d3c592ab0945d9eba9d139c139664dcf83a1c440b8a7aa9bb21955",
                "sha256:190d51e8c1b25a47484e52a79638a8182451d6f6dff99f26ad9bd81e5359a0fa",
                "sha256:1a5c7d7d577e0eabfcf15eb87d1e19314c8c4f0e722a301f98e0e3a65e238b4e",
                "sha256:1e5a38aa85bd660c53947bd28aeaafb6a97d70423606f1ccb044a03a1203fe4a",
                "sha256:322fd5fca0b1113677089d4ebd5222c964b1760e361f151cbb2706c4912112c5",
                "sha256:4cb9936316d88bfab614666eb9e32995e794ed0f8f6b3b718666c22819c1d7ee",
                "sha256:920bf418000dd17669d2904472efeab2b20546efd0548139618f8fa305d1d7ad",
                "sha256:922cc5f0b98a5f2b1ff481f5551b95cd04580fd6f0c72d9b22e6c0145a4840e0",
                "sha256:a5246d2e683a972e2187a8714b5c2cf8156c064629f9a9b1a873c1730d9e245a",
                "sha256:b9ac1b0d8ecc49e05e4e182694f418d27f3aedcfca854ebd6c05bb1cffa10d6d",
                "sha256:d3ef67e630b0de0779c42912fe2cbae3805ebaba30cda27fea2a3de650a9414f",
                "sha256:f5b6320dbc3cf6cfb9f25308286f9f7ab464e65cfb105b64cc9c52831748ced2",
                "sha256:fc04dd5189b90d825509caa510f20d1d504761e78b8dfb95a0ede180f71d50e5"
            ],
            "index": "pypi",
            "version": "==2.9.5"
        },
        "python-dateutil": {
            "hashes": [
                "sha256:0123cacc1627ae19ddf3c27a5de5bd67ee4586fbdd6440d9748f8abb483d3e86",
                "sha256:961d03dc3453ebbc59dbdea9e4e11c5651520a876d0f4db161e8674aae935da9"
            ],
            "markers": "python_version >= '2.7' and python_version not in '3.0, 3.1, 3.2, 3.3'",
            "version": "==2.8.2"
        },
        "six": {
            "hashes": [
                "sha256:1e61c37477a1626458e36f7b1d82aa5c9b094fa4802892072e49de9c60c4c926",
                "sha256:8abb2f1d86890a2dfb989f9a77cfcfd3e47c2a354b01111771326f8aa26e0254"
            ],
            "markers": "python_version >= '2.7' and python_version not in '3.0, 3.1, 3.2, 3.3'",
            "version": "==1.16.0"
        },
        "sqlparse": {
            "hashes": [
                "sha256:0323c0ec29cd52bceabc1b4d9d579e311f3e4961b98d174201d5622a23b85e34",
                "sha256:69ca804846bb114d2ec380e4360a8a340db83f0ccf3afceeb1404df028f57268"
            ],
            "markers": "python_version >= '3.5'",
            "version": "==0.4.3"
        }
    },
    "develop": {}
}
